
Microsoft Visual Studio Solution File, Format Version 12.00
# Visual Studio Version 16
VisualStudioVersion = 16.0.30406.217
MinimumVisualStudioVersion = 10.0.40219.1
Project("{FAE04EC0-301F-11D3-BF4B-00C04F79EFBC}") = "101Bootcamp10AConsoleAppPDF", "101Bootcamp10AConsoleAppPDF\101Bootcamp10AConsoleAppPDF.csproj", "{6ABB7BF0-2E88-4567-A484-5897ABF1A406}"
EndProject
Global
	GlobalSection(SolutionConfigurationPlatforms) = preSolution
		Debug|Any CPU = Debug|Any CPU
		Release|Any CPU = Release|Any CPU
	EndGlobalSection
	GlobalSection(ProjectConfigurationPlatforms) = postSolution
		{6ABB7BF0-2E88-4567-A484-5897ABF1A406}.Debug|Any CPU.ActiveCfg = Debug|Any CPU
		{6ABB7BF0-2E88-4567-A484-5897ABF1A406}.Debug|Any CPU.Build.0 = Debug|Any CPU
		{6ABB7BF0-2E88-4567-A484-5897ABF1A406}.Release|Any CPU.ActiveCfg = Release|Any CPU
		{6ABB7BF0-2E88-4567-A484-5897ABF1A406}.Release|Any CPU.Build.0 = Release|Any CPU
	EndGlobalSection
	GlobalSection(SolutionProperties) = preSolution
		HideSolutionNode = FALSE
	EndGlobalSection
	GlobalSection(ExtensibilityGlobals) = postSolution
		SolutionGuid = {5D6F7CC3-7160-4C67-85F0-8E71E2D8A007}
	EndGlobalSection
EndGlobal
